{
  "version": 4,
  "terraform_version": "1.9.4",
  "serial": 13,
  "lineage": "5facc34a-0768-e386-098a-c939b0474375",
  "outputs": {},
  "resources": [
    {
      "mode": "managed",
      "type": "docker_container",
      "name": "backend",
      "provider": "provider[\"registry.terraform.io/kreuzwerker/docker\"]",
      "instances": [
        {
          "schema_version": 2,
          "attributes": {
            "attach": false,
            "bridge": "",
            "capabilities": [],
            "cgroupns_mode": null,
            "command": [
              "node",
              "index.js"
            ],
            "container_logs": null,
            "container_read_refresh_timeout_milliseconds": 15000,
            "cpu_set": "",
            "cpu_shares": 0,
            "destroy_grace_seconds": null,
            "devices": [],
            "dns": null,
            "dns_opts": null,
            "dns_search": null,
            "domainname": "",
            "entrypoint": [
              "docker-entrypoint.sh"
            ],
            "env": [],
            "exit_code": null,
            "gateway": "172.17.0.1",
            "gpus": null,
            "group_add": null,
            "healthcheck": null,
            "host": [],
            "hostname": "48a5062ca79e",
            "id": "48a5062ca79e7c7a16537e6a887045de07a0b3b2580044207c95a88bc916f1c1",
            "image": "sha256:22cb498b633947c44518f786b93d6146e52a9862c45cd24b3663ad4004c20a1e",
            "init": false,
            "ip_address": "172.17.0.3",
            "ip_prefix_length": 16,
            "ipc_mode": "private",
            "labels": [],
            "links": null,
            "log_driver": "json-file",
            "log_opts": null,
            "logs": false,
            "max_retry_count": 0,
            "memory": 0,
            "memory_swap": 0,
            "mounts": [],
            "must_run": true,
            "name": "weather-app-backend",
            "network_alias": null,
            "network_data": [
              {
                "gateway": "172.17.0.1",
                "global_ipv6_address": "",
                "global_ipv6_prefix_length": 0,
                "ip_address": "172.17.0.3",
                "ip_prefix_length": 16,
                "ipv6_gateway": "",
                "network_name": "bridge"
              }
            ],
            "network_mode": "default",
            "networks": null,
            "networks_advanced": [],
            "pid_mode": "",
            "ports": [
              {
                "external": 5000,
                "internal": 5000,
                "ip": "0.0.0.0",
                "protocol": "tcp"
              }
            ],
            "privileged": false,
            "publish_all_ports": false,
            "read_only": false,
            "remove_volumes": true,
            "restart": "no",
            "rm": false,
            "runtime": "runc",
            "security_opts": [],
            "shm_size": 64,
            "start": true,
            "stdin_open": false,
            "stop_signal": "",
            "stop_timeout": 0,
            "storage_opts": null,
            "sysctls": null,
            "tmpfs": null,
            "tty": false,
            "ulimit": [],
            "upload": [],
            "user": "appuser",
            "userns_mode": "",
            "volumes": [],
            "wait": false,
            "wait_timeout": 60,
            "working_dir": "/app"
          },
          "sensitive_attributes": [],
          "private": "eyJzY2hlbWFfdmVyc2lvbiI6IjIifQ==",
          "dependencies": [
            "docker_image.backend"
          ]
        }
      ]
    },
    {
      "mode": "managed",
      "type": "docker_container",
      "name": "frontend",
      "provider": "provider[\"registry.terraform.io/kreuzwerker/docker\"]",
      "instances": [
        {
          "schema_version": 2,
          "attributes": {
            "attach": false,
            "bridge": "",
            "capabilities": [],
            "cgroupns_mode": null,
            "command": [
              "serve",
              "-s",
              "build"
            ],
            "container_logs": null,
            "container_read_refresh_timeout_milliseconds": 15000,
            "cpu_set": "",
            "cpu_shares": 0,
            "destroy_grace_seconds": null,
            "devices": [],
            "dns": null,
            "dns_opts": null,
            "dns_search": null,
            "domainname": "",
            "entrypoint": [
              "docker-entrypoint.sh"
            ],
            "env": [],
            "exit_code": null,
            "gateway": "172.17.0.1",
            "gpus": null,
            "group_add": null,
            "healthcheck": null,
            "host": [],
            "hostname": "bbb9b6280cda",
            "id": "bbb9b6280cda3b7845ad60572ce16f24ac55f9a2c507108a58be8b57091adcc7",
            "image": "sha256:32cd768c664215e27443586485b7a42182a00b57c891f7589a2ed25afae7ab49",
            "init": false,
            "ip_address": "172.17.0.2",
            "ip_prefix_length": 16,
            "ipc_mode": "private",
            "labels": [],
            "links": null,
            "log_driver": "json-file",
            "log_opts": null,
            "logs": false,
            "max_retry_count": 0,
            "memory": 0,
            "memory_swap": 0,
            "mounts": [],
            "must_run": true,
            "name": "weather-app-frontend",
            "network_alias": null,
            "network_data": [
              {
                "gateway": "172.17.0.1",
                "global_ipv6_address": "",
                "global_ipv6_prefix_length": 0,
                "ip_address": "172.17.0.2",
                "ip_prefix_length": 16,
                "ipv6_gateway": "",
                "network_name": "bridge"
              }
            ],
            "network_mode": "default",
            "networks": null,
            "networks_advanced": [],
            "pid_mode": "",
            "ports": [
              {
                "external": 3000,
                "internal": 3000,
                "ip": "0.0.0.0",
                "protocol": "tcp"
              }
            ],
            "privileged": false,
            "publish_all_ports": false,
            "read_only": false,
            "remove_volumes": true,
            "restart": "no",
            "rm": false,
            "runtime": "runc",
            "security_opts": [],
            "shm_size": 64,
            "start": true,
            "stdin_open": false,
            "stop_signal": "",
            "stop_timeout": 0,
            "storage_opts": null,
            "sysctls": null,
            "tmpfs": null,
            "tty": false,
            "ulimit": [],
            "upload": [],
            "user": "",
            "userns_mode": "",
            "volumes": [],
            "wait": false,
            "wait_timeout": 60,
            "working_dir": "/app"
          },
          "sensitive_attributes": [],
          "private": "eyJzY2hlbWFfdmVyc2lvbiI6IjIifQ==",
          "dependencies": [
            "docker_image.frontend"
          ]
        }
      ]
    },
    {
      "mode": "managed",
      "type": "docker_image",
      "name": "backend",
      "provider": "provider[\"registry.terraform.io/kreuzwerker/docker\"]",
      "instances": [
        {
          "schema_version": 0,
          "attributes": {
            "build": [],
            "force_remove": null,
            "id": "sha256:22cb498b633947c44518f786b93d6146e52a9862c45cd24b3663ad4004c20a1esbakmaged/weather-app-backend:latest",
            "image_id": "sha256:22cb498b633947c44518f786b93d6146e52a9862c45cd24b3663ad4004c20a1e",
            "keep_locally": false,
            "latest": "sha256:22cb498b633947c44518f786b93d6146e52a9862c45cd24b3663ad4004c20a1e",
            "name": "sbakmaged/weather-app-backend:latest",
            "output": null,
            "platform": null,
            "pull_trigger": null,
            "pull_triggers": null,
            "repo_digest": "sbakmaged/weather-app-backend@sha256:57f141ccafb2d43669c4d52f13f4e4027c3ead27ce4b9c833b961be5006db604",
            "triggers": null
          },
          "sensitive_attributes": [],
          "private": "bnVsbA=="
        }
      ]
    },
    {
      "mode": "managed",
      "type": "docker_image",
      "name": "frontend",
      "provider": "provider[\"registry.terraform.io/kreuzwerker/docker\"]",
      "instances": [
        {
          "schema_version": 0,
          "attributes": {
            "build": [],
            "force_remove": null,
            "id": "sha256:32cd768c664215e27443586485b7a42182a00b57c891f7589a2ed25afae7ab49sbakmaged/weather-app-frontend:latest",
            "image_id": "sha256:32cd768c664215e27443586485b7a42182a00b57c891f7589a2ed25afae7ab49",
            "keep_locally": false,
            "latest": "sha256:32cd768c664215e27443586485b7a42182a00b57c891f7589a2ed25afae7ab49",
            "name": "sbakmaged/weather-app-frontend:latest",
            "output": null,
            "platform": null,
            "pull_trigger": null,
            "pull_triggers": null,
            "repo_digest": "sbakmaged/weather-app-frontend@sha256:368027cfe47b99acd9a6c6488cb225883d4185abbaee31f7deb42f0218a43db0",
            "triggers": null
          },
          "sensitive_attributes": [],
          "private": "bnVsbA=="
        }
      ]
    },
    {
      "mode": "managed",
      "type": "local_file",
      "name": "docker_compose",
      "provider": "provider[\"registry.terraform.io/hashicorp/local\"]",
      "instances": [
        {
          "schema_version": 0,
          "attributes": {
            "content": "version: '3'\r\nservices:\r\n  backend:\r\n    image: sbakmaged/weather-app-backend:latest\r\n    ports:\r\n      - \"5000:5000\"\r\n    environment:\r\n      - RAPIDAPI_KEY=c65d30f075msh8042f3e90a468f9p188e92jsn8e7dadc26166\r\n\r\n  frontend:\r\n    image: sbakmaged/weather-app-frontend:latest\r\n    ports:\r\n      - \"3000:3000\"\r\n    depends_on:\r\n      - backend\r\n",
            "content_base64": null,
            "content_base64sha256": "9f3/Jtac0Nk8P2jtnsLiD0tH5bhCw5uDtc6bnrkYpzg=",
            "content_base64sha512": "hqcldnHjZYH6Hd3KFxSyQI1golCVyBNoWp8hqXTSZibkL3PUUSEkKfBDXpBj/l0U0IH5iE3vOl5CFeD1QGVONQ==",
            "content_md5": "e3a3b8148e4b8b7cfe5ca8f4c4fafd33",
            "content_sha1": "3c38175ee8240b6e520edfe8c17032579d587ccc",
            "content_sha256": "f5fdff26d69cd0d93c3f68ed9ec2e20f4b47e5b842c39b83b5ce9b9eb918a738",
            "content_sha512": "86a7257671e36581fa1dddca1714b2408d60a25095c813685a9f21a974d26626e42f73d451212429f0435e9063fe5d14d081f9884def3a5e4215e0f540654e35",
            "directory_permission": "0777",
            "file_permission": "0777",
            "filename": "./docker-compose.yml",
            "id": "3c38175ee8240b6e520edfe8c17032579d587ccc",
            "sensitive_content": null,
            "source": null
          },
          "sensitive_attributes": [
            [
              {
                "type": "get_attr",
                "value": "sensitive_content"
              }
            ]
          ]
        }
      ]
    },
    {
      "mode": "managed",
      "type": "null_resource",
      "name": "docker_compose_up",
      "provider": "provider[\"registry.terraform.io/hashicorp/null\"]",
      "instances": [
        {
          "schema_version": 0,
          "attributes": {
            "id": "7719349582607459967",
            "triggers": null
          },
          "sensitive_attributes": [],
          "dependencies": [
            "local_file.docker_compose"
          ]
        }
      ]
    }
  ],
  "check_results": null
}
